
Microsoft Visual Studio Solution File, Format Version 12.00
# Visual Studio Version 16
VisualStudioVersion = 16.0.29230.47
MinimumVisualStudioVersion = 10.0.40219.1
Project("{FAE04EC0-301F-11D3-BF4B-00C04F79EFBC}") = "30-Days-Of-Code-DataTypes", "30-Days-Of-Code-DataTypes.csproj", "{6503F0DA-F42F-41CC-AFEC-21ADA5463947}"
EndProject
Global
	GlobalSection(SolutionConfigurationPlatforms) = preSolution
		Debug|Any CPU = Debug|Any CPU
		Release|Any CPU = Release|Any CPU
	EndGlobalSection
	GlobalSection(ProjectConfigurationPlatforms) = postSolution
		{6503F0DA-F42F-41CC-AFEC-21ADA5463947}.Debug|Any CPU.ActiveCfg = Debug|Any CPU
		{6503F0DA-F42F-41CC-AFEC-21ADA5463947}.Debug|Any CPU.Build.0 = Debug|Any CPU
		{6503F0DA-F42F-41CC-AFEC-21ADA5463947}.Release|Any CPU.ActiveCfg = Release|Any CPU
		{6503F0DA-F42F-41CC-AFEC-21ADA5463947}.Release|Any CPU.Build.0 = Release|Any CPU
	EndGlobalSection
	GlobalSection(SolutionProperties) = preSolution
		HideSolutionNode = FALSE
	EndGlobalSection
	GlobalSection(ExtensibilityGlobals) = postSolution
		SolutionGuid = {B05D9A0A-B37F-4C26-A38E-397A7DC1A8EA}
	EndGlobalSection
EndGlobal
